{
  "name": "yiwenshang.github.io",
  "version": "1.0.0",
  "lockfileVersion": 1,
  "requires": true,
  "dependencies": {
    "@seregpie/three.text-sprite": {
      "version": "3.2.0",
      "resolved": "https://registry.npmjs.org/@seregpie/three.text-sprite/-/three.text-sprite-3.2.0.tgz",
      "integrity": "sha512-ozQq7JFKGCltCvT3DG5SC77WnSJfZhYpSabhp+I1iZ9tTMxiPJqyEscmcMC+Rdxy1eYCBmZKGKBBcMLLrd5GuA==",
      "requires": {
        "@seregpie/three.text-texture": "^3.2.0"
      }
    },
    "@seregpie/three.text-texture": {
      "version": "3.2.0",
      "resolved": "https://registry.npmjs.org/@seregpie/three.text-texture/-/three.text-texture-3.2.0.tgz",
      "integrity": "sha512-gjNH18Omg7/Oqpmg6hjVqLJ+ymKe0oBDuoMOI2n78ZRyvw6FzoJM2yGWyJSnIaieAP2at+UWVRTo0hsYl92V/g=="
    }
  }
}
